
Microsoft Visual Studio Solution File, Format Version 12.00
# Visual Studio Version 16
VisualStudioVersion = 16.0.31019.35
MinimumVisualStudioVersion = 10.0.40219.1
Project("{2150E333-8FDC-42A3-9474-1A3956D46DE8}") = "NorthwindDukkani", "NorthwindDukkani", "{B87E6F00-3E36-4FAB-A7AD-23F80C1CF68F}"
	ProjectSection(SolutionItems) = preProject
		NorthwindDukkani.html = NorthwindDukkani.html
	EndProjectSection
EndProject
Global
	GlobalSection(SolutionProperties) = preSolution
		HideSolutionNode = FALSE
	EndGlobalSection
	GlobalSection(ExtensibilityGlobals) = postSolution
		SolutionGuid = {899652F2-D41F-4832-AF61-04556E1A8EFD}
	EndGlobalSection
EndGlobal
